
Microsoft Visual Studio Solution File, Format Version 12.00
# Visual Studio Version 17
VisualStudioVersion = 17.9.34728.123
MinimumVisualStudioVersion = 10.0.40219.1
Project("{FAE04EC0-301F-11D3-BF4B-00C04F79EFBC}") = "OrderGenerator", "OrderGenerator\OrderGenerator.csproj", "{F4D9BB17-8144-4619-864C-31120EB8B74A}"
EndProject
Project("{FAE04EC0-301F-11D3-BF4B-00C04F79EFBC}") = "OrderAccumulator", "OrderAccumulator\OrderAccumulator.csproj", "{0F15D2B4-EDA7-4E4C-BEE3-B4DBEA768AFE}"
EndProject
Global
	GlobalSection(SolutionConfigurationPlatforms) = preSolution
		Debug|Any CPU = Debug|Any CPU
		Release|Any CPU = Release|Any CPU
	EndGlobalSection
	GlobalSection(ProjectConfigurationPlatforms) = postSolution
		{F4D9BB17-8144-4619-864C-31120EB8B74A}.Debug|Any CPU.ActiveCfg = Debug|Any CPU
		{F4D9BB17-8144-4619-864C-31120EB8B74A}.Debug|Any CPU.Build.0 = Debug|Any CPU
		{F4D9BB17-8144-4619-864C-31120EB8B74A}.Release|Any CPU.ActiveCfg = Release|Any CPU
		{F4D9BB17-8144-4619-864C-31120EB8B74A}.Release|Any CPU.Build.0 = Release|Any CPU
		{0F15D2B4-EDA7-4E4C-BEE3-B4DBEA768AFE}.Debug|Any CPU.ActiveCfg = Debug|Any CPU
		{0F15D2B4-EDA7-4E4C-BEE3-B4DBEA768AFE}.Debug|Any CPU.Build.0 = Debug|Any CPU
		{0F15D2B4-EDA7-4E4C-BEE3-B4DBEA768AFE}.Release|Any CPU.ActiveCfg = Release|Any CPU
		{0F15D2B4-EDA7-4E4C-BEE3-B4DBEA768AFE}.Release|Any CPU.Build.0 = Release|Any CPU
	EndGlobalSection
	GlobalSection(SolutionProperties) = preSolution
		HideSolutionNode = FALSE
	EndGlobalSection
	GlobalSection(ExtensibilityGlobals) = postSolution
		SolutionGuid = {32E92A76-D05A-4E16-A173-7F08F440D146}
	EndGlobalSection
EndGlobal
